
Microsoft Visual Studio Solution File, Format Version 11.00
# Visual Studio 2010
Project("{FAE04EC0-301F-11D3-BF4B-00C04F79EFBC}") = "SinoSunIDE", "SinoSunIDE\SinoSunIDE.csproj", "{9E9B726A-D47F-4843-9649-C70E41DF3148}"
	ProjectSection(ProjectDependencies) = postProject
		{A6D05470-8974-4185-B278-0BBFC66F3115} = {A6D05470-8974-4185-B278-0BBFC66F3115}
	EndProjectSection
EndProject
Project("{FAE04EC0-301F-11D3-BF4B-00C04F79EFBC}") = "CmdSNLink", "CmdSNLink\CmdSNLink.csproj", "{60BC0CD1-077D-453F-8553-5496D22232E2}"
EndProject
Project("{FAE04EC0-301F-11D3-BF4B-00C04F79EFBC}") = "PropertyGridEx", "PropertyGridEx\PropertyGridEx.csproj", "{B0BB47F2-21C4-41FC-B6E6-40757ADFC4A1}"
EndProject
Project("{FAE04EC0-301F-11D3-BF4B-00C04F79EFBC}") = "COD", "COD\COD\COD.csproj", "{A6D05470-8974-4185-B278-0BBFC66F3115}"
EndProject
Project("{FAE04EC0-301F-11D3-BF4B-00C04F79EFBC}") = "FastColoredTextBox", "FastColoredTextBox\FastColoredTextBox.csproj", "{6DD14A85-CCFC-4774-BD26-0F5772512319}"
EndProject
Project("{FAE04EC0-301F-11D3-BF4B-00C04F79EFBC}") = "SinoSunIDE.Languages", "SinoSunIDE.Languages\SinoSunIDE.Languages.csproj", "{D5A4D712-7B79-4094-8CAE-6856FABCE6EA}"
EndProject
Global
	GlobalSection(SolutionConfigurationPlatforms) = preSolution
		Debug|Any CPU = Debug|Any CPU
		Debug|x86 = Debug|x86
		Release|Any CPU = Release|Any CPU
		Release|x86 = Release|x86
	EndGlobalSection
	GlobalSection(ProjectConfigurationPlatforms) = postSolution
		{9E9B726A-D47F-4843-9649-C70E41DF3148}.Debug|Any CPU.ActiveCfg = Debug|Any CPU
		{9E9B726A-D47F-4843-9649-C70E41DF3148}.Debug|Any CPU.Build.0 = Debug|Any CPU
		{9E9B726A-D47F-4843-9649-C70E41DF3148}.Debug|x86.ActiveCfg = Debug|x86
		{9E9B726A-D47F-4843-9649-C70E41DF3148}.Debug|x86.Build.0 = Debug|x86
		{9E9B726A-D47F-4843-9649-C70E41DF3148}.Release|Any CPU.ActiveCfg = Release|Any CPU
		{9E9B726A-D47F-4843-9649-C70E41DF3148}.Release|Any CPU.Build.0 = Release|Any CPU
		{9E9B726A-D47F-4843-9649-C70E41DF3148}.Release|x86.ActiveCfg = Release|x86
		{9E9B726A-D47F-4843-9649-C70E41DF3148}.Release|x86.Build.0 = Release|x86
		{60BC0CD1-077D-453F-8553-5496D22232E2}.Debug|Any CPU.ActiveCfg = Debug|Any CPU
		{60BC0CD1-077D-453F-8553-5496D22232E2}.Debug|Any CPU.Build.0 = Debug|Any CPU
		{60BC0CD1-077D-453F-8553-5496D22232E2}.Debug|x86.ActiveCfg = Debug|x86
		{60BC0CD1-077D-453F-8553-5496D22232E2}.Debug|x86.Build.0 = Debug|x86
		{60BC0CD1-077D-453F-8553-5496D22232E2}.Release|Any CPU.ActiveCfg = Release|Any CPU
		{60BC0CD1-077D-453F-8553-5496D22232E2}.Release|Any CPU.Build.0 = Release|Any CPU
		{60BC0CD1-077D-453F-8553-5496D22232E2}.Release|x86.ActiveCfg = Release|x86
		{60BC0CD1-077D-453F-8553-5496D22232E2}.Release|x86.Build.0 = Release|x86
		{B0BB47F2-21C4-41FC-B6E6-40757ADFC4A1}.Debug|Any CPU.ActiveCfg = Debug|Any CPU
		{B0BB47F2-21C4-41FC-B6E6-40757ADFC4A1}.Debug|Any CPU.Build.0 = Debug|Any CPU
		{B0BB47F2-21C4-41FC-B6E6-40757ADFC4A1}.Debug|x86.ActiveCfg = Debug|x86
		{B0BB47F2-21C4-41FC-B6E6-40757ADFC4A1}.Debug|x86.Build.0 = Debug|x86
		{B0BB47F2-21C4-41FC-B6E6-40757ADFC4A1}.Release|Any CPU.ActiveCfg = Release|Any CPU
		{B0BB47F2-21C4-41FC-B6E6-40757ADFC4A1}.Release|Any CPU.Build.0 = Release|Any CPU
		{B0BB47F2-21C4-41FC-B6E6-40757ADFC4A1}.Release|x86.ActiveCfg = Release|x86
		{B0BB47F2-21C4-41FC-B6E6-40757ADFC4A1}.Release|x86.Build.0 = Release|x86
		{A6D05470-8974-4185-B278-0BBFC66F3115}.Debug|Any CPU.ActiveCfg = Debug|Any CPU
		{A6D05470-8974-4185-B278-0BBFC66F3115}.Debug|Any CPU.Build.0 = Debug|Any CPU
		{A6D05470-8974-4185-B278-0BBFC66F3115}.Debug|x86.ActiveCfg = Debug|x86
		{A6D05470-8974-4185-B278-0BBFC66F3115}.Debug|x86.Build.0 = Debug|x86
		{A6D05470-8974-4185-B278-0BBFC66F3115}.Release|Any CPU.ActiveCfg = Release|Any CPU
		{A6D05470-8974-4185-B278-0BBFC66F3115}.Release|Any CPU.Build.0 = Release|Any CPU
		{A6D05470-8974-4185-B278-0BBFC66F3115}.Release|x86.ActiveCfg = Release|x86
		{A6D05470-8974-4185-B278-0BBFC66F3115}.Release|x86.Build.0 = Release|x86
		{6DD14A85-CCFC-4774-BD26-0F5772512319}.Debug|Any CPU.ActiveCfg = Debug|Any CPU
		{6DD14A85-CCFC-4774-BD26-0F5772512319}.Debug|Any CPU.Build.0 = Debug|Any CPU
		{6DD14A85-CCFC-4774-BD26-0F5772512319}.Debug|x86.ActiveCfg = Debug|x86
		{6DD14A85-CCFC-4774-BD26-0F5772512319}.Debug|x86.Build.0 = Debug|x86
		{6DD14A85-CCFC-4774-BD26-0F5772512319}.Release|Any CPU.ActiveCfg = Release|Any CPU
		{6DD14A85-CCFC-4774-BD26-0F5772512319}.Release|Any CPU.Build.0 = Release|Any CPU
		{6DD14A85-CCFC-4774-BD26-0F5772512319}.Release|x86.ActiveCfg = Release|x86
		{6DD14A85-CCFC-4774-BD26-0F5772512319}.Release|x86.Build.0 = Release|x86
		{D5A4D712-7B79-4094-8CAE-6856FABCE6EA}.Debug|Any CPU.ActiveCfg = Debug|Any CPU
		{D5A4D712-7B79-4094-8CAE-6856FABCE6EA}.Debug|Any CPU.Build.0 = Debug|Any CPU
		{D5A4D712-7B79-4094-8CAE-6856FABCE6EA}.Debug|x86.ActiveCfg = Debug|Any CPU
		{D5A4D712-7B79-4094-8CAE-6856FABCE6EA}.Release|Any CPU.ActiveCfg = Release|Any CPU
		{D5A4D712-7B79-4094-8CAE-6856FABCE6EA}.Release|Any CPU.Build.0 = Release|Any CPU
		{D5A4D712-7B79-4094-8CAE-6856FABCE6EA}.Release|x86.ActiveCfg = Release|Any CPU
	EndGlobalSection
	GlobalSection(SolutionProperties) = preSolution
		HideSolutionNode = FALSE
	EndGlobalSection
EndGlobal
